
Microsoft Visual Studio Solution File, Format Version 12.00
# Visual Studio 15
VisualStudioVersion = 15.0.27703.2035
MinimumVisualStudioVersion = 10.0.40219.1
Project("{FAE04EC0-301F-11D3-BF4B-00C04F79EFBC}") = "Practice_1", "Practice_1\Practice_1.csproj", "{810DE4CD-CD37-42A3-8126-653B7573D84D}"
EndProject
Global
	GlobalSection(SolutionConfigurationPlatforms) = preSolution
		Debug|Any CPU = Debug|Any CPU
		Release|Any CPU = Release|Any CPU
	EndGlobalSection
	GlobalSection(ProjectConfigurationPlatforms) = postSolution
		{810DE4CD-CD37-42A3-8126-653B7573D84D}.Debug|Any CPU.ActiveCfg = Debug|Any CPU
		{810DE4CD-CD37-42A3-8126-653B7573D84D}.Debug|Any CPU.Build.0 = Debug|Any CPU
		{810DE4CD-CD37-42A3-8126-653B7573D84D}.Release|Any CPU.ActiveCfg = Release|Any CPU
		{810DE4CD-CD37-42A3-8126-653B7573D84D}.Release|Any CPU.Build.0 = Release|Any CPU
	EndGlobalSection
	GlobalSection(SolutionProperties) = preSolution
		HideSolutionNode = FALSE
	EndGlobalSection
	GlobalSection(ExtensibilityGlobals) = postSolution
		SolutionGuid = {41ED904F-75EB-4CF9-BF92-92D81594D656}
	EndGlobalSection
EndGlobal
